
Microsoft Visual Studio Solution File, Format Version 12.00
# Visual Studio Version 16
VisualStudioVersion = 16.0.30907.101
MinimumVisualStudioVersion = 10.0.40219.1
Project("{FAE04EC0-301F-11D3-BF4B-00C04F79EFBC}") = "LZTMacro Rust", "LZTMacro Rust\LZTMacro Rust.csproj", "{94A52DDA-EBE6-40A5-B951-1F880CA6716F}"
EndProject
Global
	GlobalSection(SolutionConfigurationPlatforms) = preSolution
		Debug|Any CPU = Debug|Any CPU
		Release|Any CPU = Release|Any CPU
	EndGlobalSection
	GlobalSection(ProjectConfigurationPlatforms) = postSolution
		{94A52DDA-EBE6-40A5-B951-1F880CA6716F}.Debug|Any CPU.ActiveCfg = Debug|Any CPU
		{94A52DDA-EBE6-40A5-B951-1F880CA6716F}.Debug|Any CPU.Build.0 = Debug|Any CPU
		{94A52DDA-EBE6-40A5-B951-1F880CA6716F}.Release|Any CPU.ActiveCfg = Release|Any CPU
		{94A52DDA-EBE6-40A5-B951-1F880CA6716F}.Release|Any CPU.Build.0 = Release|Any CPU
	EndGlobalSection
	GlobalSection(SolutionProperties) = preSolution
		HideSolutionNode = FALSE
	EndGlobalSection
	GlobalSection(ExtensibilityGlobals) = postSolution
		SolutionGuid = {FE92320C-C5DF-443F-9830-3AD497EF85BC}
	EndGlobalSection
EndGlobal
